
Microsoft Visual Studio Solution File, Format Version 12.00
# Visual Studio Version 16
VisualStudioVersion = 16.0.32228.343
MinimumVisualStudioVersion = 10.0.40219.1
Project("{FAE04EC0-301F-11D3-BF4B-00C04F79EFBC}") = "HastaneOtomasyonProje", "HastaneOtomasyonProje\HastaneOtomasyonProje.csproj", "{AEB4EA03-1CB6-4442-85DB-F4CDC7BBAC25}"
EndProject
Global
	GlobalSection(SolutionConfigurationPlatforms) = preSolution
		Debug|Any CPU = Debug|Any CPU
		Release|Any CPU = Release|Any CPU
	EndGlobalSection
	GlobalSection(ProjectConfigurationPlatforms) = postSolution
		{AEB4EA03-1CB6-4442-85DB-F4CDC7BBAC25}.Debug|Any CPU.ActiveCfg = Debug|Any CPU
		{AEB4EA03-1CB6-4442-85DB-F4CDC7BBAC25}.Debug|Any CPU.Build.0 = Debug|Any CPU
		{AEB4EA03-1CB6-4442-85DB-F4CDC7BBAC25}.Release|Any CPU.ActiveCfg = Release|Any CPU
		{AEB4EA03-1CB6-4442-85DB-F4CDC7BBAC25}.Release|Any CPU.Build.0 = Release|Any CPU
	EndGlobalSection
	GlobalSection(SolutionProperties) = preSolution
		HideSolutionNode = FALSE
	EndGlobalSection
	GlobalSection(ExtensibilityGlobals) = postSolution
		SolutionGuid = {4AD76875-7317-46BF-B366-F572A286D788}
	EndGlobalSection
EndGlobal
